
Microsoft Visual Studio Solution File, Format Version 12.00
# Visual Studio Version 17
VisualStudioVersion = 17.12.35521.163
MinimumVisualStudioVersion = 10.0.40219.1
Project("{2150E333-8FDC-42A3-9474-1A3956D46DE8}") = "src", "src", "{6CADFAF9-B667-4426-98F6-4A3FC945B659}"
EndProject
Project("{FAE04EC0-301F-11D3-BF4B-00C04F79EFBC}") = "Web.Api", "src\Web.Api\Web.Api.csproj", "{5CB7AD47-B5B4-433B-A350-47EC8C0BCD65}"
EndProject
Project("{FAE04EC0-301F-11D3-BF4B-00C04F79EFBC}") = "Domain", "src\Domain\Domain.csproj", "{69637B7F-7FA3-4B2B-9020-800071FC85B7}"
EndProject
Project("{FAE04EC0-301F-11D3-BF4B-00C04F79EFBC}") = "Application", "src\Application\Application.csproj", "{7603A7FA-0D76-4F12-A422-DE0E39D498BC}"
EndProject
Project("{FAE04EC0-301F-11D3-BF4B-00C04F79EFBC}") = "Infrastructure", "src\Infrastructure\Infrastructure.csproj", "{E7FB6105-7EE1-479F-8691-F5275DDB9088}"
EndProject
Project("{FAE04EC0-301F-11D3-BF4B-00C04F79EFBC}") = "BackgroundRedditConsumer", "src\BackgroundRedditConsumer\BackgroundRedditConsumer.csproj", "{5C738A19-6EBA-43B7-80D5-84E29D0B16F5}"
EndProject
Global
	GlobalSection(SolutionConfigurationPlatforms) = preSolution
		Debug|Any CPU = Debug|Any CPU
		Release|Any CPU = Release|Any CPU
	EndGlobalSection
	GlobalSection(ProjectConfigurationPlatforms) = postSolution
		{5CB7AD47-B5B4-433B-A350-47EC8C0BCD65}.Debug|Any CPU.ActiveCfg = Debug|Any CPU
		{5CB7AD47-B5B4-433B-A350-47EC8C0BCD65}.Debug|Any CPU.Build.0 = Debug|Any CPU
		{5CB7AD47-B5B4-433B-A350-47EC8C0BCD65}.Release|Any CPU.ActiveCfg = Release|Any CPU
		{5CB7AD47-B5B4-433B-A350-47EC8C0BCD65}.Release|Any CPU.Build.0 = Release|Any CPU
		{69637B7F-7FA3-4B2B-9020-800071FC85B7}.Debug|Any CPU.ActiveCfg = Debug|Any CPU
		{69637B7F-7FA3-4B2B-9020-800071FC85B7}.Debug|Any CPU.Build.0 = Debug|Any CPU
		{69637B7F-7FA3-4B2B-9020-800071FC85B7}.Release|Any CPU.ActiveCfg = Release|Any CPU
		{69637B7F-7FA3-4B2B-9020-800071FC85B7}.Release|Any CPU.Build.0 = Release|Any CPU
		{7603A7FA-0D76-4F12-A422-DE0E39D498BC}.Debug|Any CPU.ActiveCfg = Debug|Any CPU
		{7603A7FA-0D76-4F12-A422-DE0E39D498BC}.Debug|Any CPU.Build.0 = Debug|Any CPU
		{7603A7FA-0D76-4F12-A422-DE0E39D498BC}.Release|Any CPU.ActiveCfg = Release|Any CPU
		{7603A7FA-0D76-4F12-A422-DE0E39D498BC}.Release|Any CPU.Build.0 = Release|Any CPU
		{E7FB6105-7EE1-479F-8691-F5275DDB9088}.Debug|Any CPU.ActiveCfg = Debug|Any CPU
		{E7FB6105-7EE1-479F-8691-F5275DDB9088}.Debug|Any CPU.Build.0 = Debug|Any CPU
		{E7FB6105-7EE1-479F-8691-F5275DDB9088}.Release|Any CPU.ActiveCfg = Release|Any CPU
		{E7FB6105-7EE1-479F-8691-F5275DDB9088}.Release|Any CPU.Build.0 = Release|Any CPU
		{5C738A19-6EBA-43B7-80D5-84E29D0B16F5}.Debug|Any CPU.ActiveCfg = Debug|Any CPU
		{5C738A19-6EBA-43B7-80D5-84E29D0B16F5}.Debug|Any CPU.Build.0 = Debug|Any CPU
		{5C738A19-6EBA-43B7-80D5-84E29D0B16F5}.Release|Any CPU.ActiveCfg = Release|Any CPU
		{5C738A19-6EBA-43B7-80D5-84E29D0B16F5}.Release|Any CPU.Build.0 = Release|Any CPU
	EndGlobalSection
	GlobalSection(SolutionProperties) = preSolution
		HideSolutionNode = FALSE
	EndGlobalSection
	GlobalSection(NestedProjects) = preSolution
		{5CB7AD47-B5B4-433B-A350-47EC8C0BCD65} = {6CADFAF9-B667-4426-98F6-4A3FC945B659}
		{69637B7F-7FA3-4B2B-9020-800071FC85B7} = {6CADFAF9-B667-4426-98F6-4A3FC945B659}
		{7603A7FA-0D76-4F12-A422-DE0E39D498BC} = {6CADFAF9-B667-4426-98F6-4A3FC945B659}
		{E7FB6105-7EE1-479F-8691-F5275DDB9088} = {6CADFAF9-B667-4426-98F6-4A3FC945B659}
		{5C738A19-6EBA-43B7-80D5-84E29D0B16F5} = {6CADFAF9-B667-4426-98F6-4A3FC945B659}
	EndGlobalSection
EndGlobal
